// !$*UTF8*$!
{
	archiveVersion = 1;
	classes = {
	};
	objectVersion = 55;
	objects = {

/* Begin PBXBuildFile section */
		684FDF722731759200E290DA /* Swift_CombineApp.swift in Sources */ = {isa = PBXBuildFile; fileRef = 684FDF712731759200E290DA /* Swift_CombineApp.swift */; };
		684FDF742731759200E290DA /* ContentView.swift in Sources */ = {isa = PBXBuildFile; fileRef = 684FDF732731759200E290DA /* ContentView.swift */; };
		684FDF762731759400E290DA /* Assets.xcassets in Resources */ = {isa = PBXBuildFile; fileRef = 684FDF752731759400E290DA /* Assets.xcassets */; };
		684FDF792731759400E290DA /* Preview Assets.xcassets in Resources */ = {isa = PBXBuildFile; fileRef = 684FDF782731759400E290DA /* Preview Assets.xcassets */; };
		684FDF832731759400E290DA /* Swift_CombineTests.swift in Sources */ = {isa = PBXBuildFile; fileRef = 684FDF822731759400E290DA /* Swift_CombineTests.swift */; };
		684FDF8D2731759400E290DA /* Swift_CombineUITests.swift in Sources */ = {isa = PBXBuildFile; fileRef = 684FDF8C2731759400E290DA /* Swift_CombineUITests.swift */; };
		684FDF8F2731759400E290DA /* Swift_CombineUITestsLaunchTests.swift in Sources */ = {isa = PBXBuildFile; fileRef = 684FDF8E2731759400E290DA /* Swift_CombineUITestsLaunchTests.swift */; };
		684FDF9C2731760700E290DA /* CombineTimerView.swift in Sources */ = {isa = PBXBuildFile; fileRef = 684FDF9B2731760700E290DA /* CombineTimerView.swift */; };
		684FDF9E2731763D00E290DA /* SubscriberView.swift in Sources */ = {isa = PBXBuildFile; fileRef = 684FDF9D2731763D00E290DA /* SubscriberView.swift */; };
		684FDFA02731765000E290DA /* SubscriberViewModel.swift in Sources */ = {isa = PBXBuildFile; fileRef = 684FDF9F2731765000E290DA /* SubscriberViewModel.swift */; };
		685CE902299AAB2700521CA3 /* FutureTestView.swift in Sources */ = {isa = PBXBuildFile; fileRef = 685CE901299AAB2700521CA3 /* FutureTestView.swift */; };
		685CE904299AAB5800521CA3 /* JustTestView.swift in Sources */ = {isa = PBXBuildFile; fileRef = 685CE903299AAB5800521CA3 /* JustTestView.swift */; };
		6869EFCD299BD7A8007F911F /* DeferredTestView.swift in Sources */ = {isa = PBXBuildFile; fileRef = 6869EFCC299BD7A8007F911F /* DeferredTestView.swift */; };
		6869EFCF299BF0FD007F911F /* EmptyTestView.swift in Sources */ = {isa = PBXBuildFile; fileRef = 6869EFCE299BF0FD007F911F /* EmptyTestView.swift */; };
		6869EFD1299BF98E007F911F /* FailTestView.swift in Sources */ = {isa = PBXBuildFile; fileRef = 6869EFD0299BF98E007F911F /* FailTestView.swift */; };
		6869EFD3299BFD1E007F911F /* RecordTestView.swift in Sources */ = {isa = PBXBuildFile; fileRef = 6869EFD2299BFD1E007F911F /* RecordTestView.swift */; };
		68A84C6229974683008909C7 /* PublishedTestView.swift in Sources */ = {isa = PBXBuildFile; fileRef = 68A84C6129974683008909C7 /* PublishedTestView.swift */; };
		68A84C642997B5FD008909C7 /* ObservableObjectTestView.swift in Sources */ = {isa = PBXBuildFile; fileRef = 68A84C632997B5FD008909C7 /* ObservableObjectTestView.swift */; };
/* End PBXBuildFile section */

/* Begin PBXContainerItemProxy section */
		684FDF7F2731759400E290DA /* PBXContainerItemProxy */ = {
			isa = PBXContainerItemProxy;
			containerPortal = 684FDF662731759200E290DA /* Project object */;
			proxyType = 1;
			remoteGlobalIDString = 684FDF6D2731759200E290DA;
			remoteInfo = "Swift-Combine";
		};
		684FDF892731759400E290DA /* PBXContainerItemProxy */ = {
			isa = PBXContainerItemProxy;
			containerPortal = 684FDF662731759200E290DA /* Project object */;
			proxyType = 1;
			remoteGlobalIDString = 684FDF6D2731759200E290DA;
			remoteInfo = "Swift-Combine";
		};
/* End PBXContainerItemProxy section */

/* Begin PBXFileReference section */
		684FDF6E2731759200E290DA /* Swift-Combine.app */ = {isa = PBXFileReference; explicitFileType = wrapper.application; includeInIndex = 0; path = "Swift-Combine.app"; sourceTree = BUILT_PRODUCTS_DIR; };
		684FDF712731759200E290DA /* Swift_CombineApp.swift */ = {isa = PBXFileReference; lastKnownFileType = sourcecode.swift; path = Swift_CombineApp.swift; sourceTree = "<group>"; };
		684FDF732731759200E290DA /* ContentView.swift */ = {isa = PBXFileReference; lastKnownFileType = sourcecode.swift; path = ContentView.swift; sourceTree = "<group>"; };
		684FDF752731759400E290DA /* Assets.xcassets */ = {isa = PBXFileReference; lastKnownFileType = folder.assetcatalog; path = Assets.xcassets; sourceTree = "<group>"; };
		684FDF782731759400E290DA /* Preview Assets.xcassets */ = {isa = PBXFileReference; lastKnownFileType = folder.assetcatalog; path = "Preview Assets.xcassets"; sourceTree = "<group>"; };
		684FDF7E2731759400E290DA /* Swift-CombineTests.xctest */ = {isa = PBXFileReference; explicitFileType = wrapper.cfbundle; includeInIndex = 0; path = "Swift-CombineTests.xctest"; sourceTree = BUILT_PRODUCTS_DIR; };
		684FDF822731759400E290DA /* Swift_CombineTests.swift */ = {isa = PBXFileReference; lastKnownFileType = sourcecode.swift; path = Swift_CombineTests.swift; sourceTree = "<group>"; };
		684FDF882731759400E290DA /* Swift-CombineUITests.xctest */ = {isa = PBXFileReference; explicitFileType = wrapper.cfbundle; includeInIndex = 0; path = "Swift-CombineUITests.xctest"; sourceTree = BUILT_PRODUCTS_DIR; };
		684FDF8C2731759400E290DA /* Swift_CombineUITests.swift */ = {isa = PBXFileReference; lastKnownFileType = sourcecode.swift; path = Swift_CombineUITests.swift; sourceTree = "<group>"; };
		684FDF8E2731759400E290DA /* Swift_CombineUITestsLaunchTests.swift */ = {isa = PBXFileReference; lastKnownFileType = sourcecode.swift; path = Swift_CombineUITestsLaunchTests.swift; sourceTree = "<group>"; };
		684FDF9B2731760700E290DA /* CombineTimerView.swift */ = {isa = PBXFileReference; lastKnownFileType = sourcecode.swift; path = CombineTimerView.swift; sourceTree = "<group>"; };
		684FDF9D2731763D00E290DA /* SubscriberView.swift */ = {isa = PBXFileReference; lastKnownFileType = sourcecode.swift; path = SubscriberView.swift; sourceTree = "<group>"; };
		684FDF9F2731765000E290DA /* SubscriberViewModel.swift */ = {isa = PBXFileReference; lastKnownFileType = sourcecode.swift; path = SubscriberViewModel.swift; sourceTree = "<group>"; };
		685CE901299AAB2700521CA3 /* FutureTestView.swift */ = {isa = PBXFileReference; lastKnownFileType = sourcecode.swift; path = FutureTestView.swift; sourceTree = "<group>"; };
		685CE903299AAB5800521CA3 /* JustTestView.swift */ = {isa = PBXFileReference; lastKnownFileType = sourcecode.swift; path = JustTestView.swift; sourceTree = "<group>"; };
		6869EFCC299BD7A8007F911F /* DeferredTestView.swift */ = {isa = PBXFileReference; lastKnownFileType = sourcecode.swift; path = DeferredTestView.swift; sourceTree = "<group>"; };
		6869EFCE299BF0FD007F911F /* EmptyTestView.swift */ = {isa = PBXFileReference; lastKnownFileType = sourcecode.swift; path = EmptyTestView.swift; sourceTree = "<group>"; };
		6869EFD0299BF98E007F911F /* FailTestView.swift */ = {isa = PBXFileReference; lastKnownFileType = sourcecode.swift; path = FailTestView.swift; sourceTree = "<group>"; };
		6869EFD2299BFD1E007F911F /* RecordTestView.swift */ = {isa = PBXFileReference; lastKnownFileType = sourcecode.swift; path = RecordTestView.swift; sourceTree = "<group>"; };
		68A84C6129974683008909C7 /* PublishedTestView.swift */ = {isa = PBXFileReference; lastKnownFileType = sourcecode.swift; path = PublishedTestView.swift; sourceTree = "<group>"; };
		68A84C632997B5FD008909C7 /* ObservableObjectTestView.swift */ = {isa = PBXFileReference; lastKnownFileType = sourcecode.swift; path = ObservableObjectTestView.swift; sourceTree = "<group>"; };
/* End PBXFileReference section */

/* Begin PBXFrameworksBuildPhase section */
		684FDF6B2731759200E290DA /* Frameworks */ = {
			isa = PBXFrameworksBuildPhase;
			buildActionMask = 2147483647;
			files = (
			);
			runOnlyForDeploymentPostprocessing = 0;
		};
		684FDF7B2731759400E290DA /* Frameworks */ = {
			isa = PBXFrameworksBuildPhase;
			buildActionMask = 2147483647;
			files = (
			);
			runOnlyForDeploymentPostprocessing = 0;
		};
		684FDF852731759400E290DA /* Frameworks */ = {
			isa = PBXFrameworksBuildPhase;
			buildActionMask = 2147483647;
			files = (
			);
			runOnlyForDeploymentPostprocessing = 0;
		};
/* End PBXFrameworksBuildPhase section */

/* Begin PBXGroup section */
		684FDF652731759200E290DA = {
			isa = PBXGroup;
			children = (
				684FDF702731759200E290DA /* Swift-Combine */,
				684FDF812731759400E290DA /* Swift-CombineTests */,
				684FDF8B2731759400E290DA /* Swift-CombineUITests */,
				684FDF6F2731759200E290DA /* Products */,
			);
			sourceTree = "<group>";
		};
		684FDF6F2731759200E290DA /* Products */ = {
			isa = PBXGroup;
			children = (
				684FDF6E2731759200E290DA /* Swift-Combine.app */,
				684FDF7E2731759400E290DA /* Swift-CombineTests.xctest */,
				684FDF882731759400E290DA /* Swift-CombineUITests.xctest */,
			);
			name = Products;
			sourceTree = "<group>";
		};
		684FDF702731759200E290DA /* Swift-Combine */ = {
			isa = PBXGroup;
			children = (
				684FDF712731759200E290DA /* Swift_CombineApp.swift */,
				684FDF732731759200E290DA /* ContentView.swift */,
				684FDFA12731771C00E290DA /* Views */,
				684FDFA22731774800E290DA /* ViewModels */,
				684FDF752731759400E290DA /* Assets.xcassets */,
				684FDF772731759400E290DA /* Preview Content */,
			);
			path = "Swift-Combine";
			sourceTree = "<group>";
		};
		684FDF772731759400E290DA /* Preview Content */ = {
			isa = PBXGroup;
			children = (
				684FDF782731759400E290DA /* Preview Assets.xcassets */,
			);
			path = "Preview Content";
			sourceTree = "<group>";
		};
		684FDF812731759400E290DA /* Swift-CombineTests */ = {
			isa = PBXGroup;
			children = (
				684FDF822731759400E290DA /* Swift_CombineTests.swift */,
			);
			path = "Swift-CombineTests";
			sourceTree = "<group>";
		};
		684FDF8B2731759400E290DA /* Swift-CombineUITests */ = {
			isa = PBXGroup;
			children = (
				684FDF8C2731759400E290DA /* Swift_CombineUITests.swift */,
				684FDF8E2731759400E290DA /* Swift_CombineUITestsLaunchTests.swift */,
			);
			path = "Swift-CombineUITests";
			sourceTree = "<group>";
		};
		684FDFA12731771C00E290DA /* Views */ = {
			isa = PBXGroup;
			children = (
				684FDF9B2731760700E290DA /* CombineTimerView.swift */,
				68A0FCF4299F6C300014A1C6 /* Subscriber */,
				68A84C6129974683008909C7 /* PublishedTestView.swift */,
				68A84C632997B5FD008909C7 /* ObservableObjectTestView.swift */,
				685CE901299AAB2700521CA3 /* FutureTestView.swift */,
				685CE903299AAB5800521CA3 /* JustTestView.swift */,
				6869EFCC299BD7A8007F911F /* DeferredTestView.swift */,
				6869EFCE299BF0FD007F911F /* EmptyTestView.swift */,
				6869EFD0299BF98E007F911F /* FailTestView.swift */,
				6869EFD2299BFD1E007F911F /* RecordTestView.swift */,
			);
			path = Views;
			sourceTree = "<group>";
		};
		684FDFA22731774800E290DA /* ViewModels */ = {
			isa = PBXGroup;
			children = (
			);
			path = ViewModels;
			sourceTree = "<group>";
		};
		68A0FCF4299F6C300014A1C6 /* Subscriber */ = {
			isa = PBXGroup;
			children = (
				684FDF9D2731763D00E290DA /* SubscriberView.swift */,
				684FDF9F2731765000E290DA /* SubscriberViewModel.swift */,
			);
			path = Subscriber;
			sourceTree = "<group>";
		};
/* End PBXGroup section */

/* Begin PBXNativeTarget section */
		684FDF6D2731759200E290DA /* Swift-Combine */ = {
			isa = PBXNativeTarget;
			buildConfigurationList = 684FDF922731759400E290DA /* Build configuration list for PBXNativeTarget "Swift-Combine" */;
			buildPhases = (
				684FDF6A2731759200E290DA /* Sources */,
				684FDF6B2731759200E290DA /* Frameworks */,
				684FDF6C2731759200E290DA /* Resources */,
			);
			buildRules = (
			);
			dependencies = (
			);
			name = "Swift-Combine";
			productName = "Swift-Combine";
			productReference = 684FDF6E2731759200E290DA /* Swift-Combine.app */;
			productType = "com.apple.product-type.application";
		};
		684FDF7D2731759400E290DA /* Swift-CombineTests */ = {
			isa = PBXNativeTarget;
			buildConfigurationList = 684FDF952731759400E290DA /* Build configuration list for PBXNativeTarget "Swift-CombineTests" */;
			buildPhases = (
				684FDF7A2731759400E290DA /* Sources */,
				684FDF7B2731759400E290DA /* Frameworks */,
				684FDF7C2731759400E290DA /* Resources */,
			);
			buildRules = (
			);
			dependencies = (
				684FDF802731759400E290DA /* PBXTargetDependency */,
			);
			name = "Swift-CombineTests";
			productName = "Swift-CombineTests";
			productReference = 684FDF7E2731759400E290DA /* Swift-CombineTests.xctest */;
			productType = "com.apple.product-type.bundle.unit-test";
		};
		684FDF872731759400E290DA /* Swift-CombineUITests */ = {
			isa = PBXNativeTarget;
			buildConfigurationList = 684FDF982731759400E290DA /* Build configuration list for PBXNativeTarget "Swift-CombineUITests" */;
			buildPhases = (
				684FDF842731759400E290DA /* Sources */,
				684FDF852731759400E290DA /* Frameworks */,
				684FDF862731759400E290DA /* Resources */,
			);
			buildRules = (
			);
			dependencies = (
				684FDF8A2731759400E290DA /* PBXTargetDependency */,
			);
			name = "Swift-CombineUITests";
			productName = "Swift-CombineUITests";
			productReference = 684FDF882731759400E290DA /* Swift-CombineUITests.xctest */;
			productType = "com.apple.product-type.bundle.ui-testing";
		};
/* End PBXNativeTarget section */

/* Begin PBXProject section */
		684FDF662731759200E290DA /* Project object */ = {
			isa = PBXProject;
			attributes = {
				BuildIndependentTargetsInParallel = 1;
				LastSwiftUpdateCheck = 1310;
				LastUpgradeCheck = 1310;
				TargetAttributes = {
					684FDF6D2731759200E290DA = {
						CreatedOnToolsVersion = 13.1;
					};
					684FDF7D2731759400E290DA = {
						CreatedOnToolsVersion = 13.1;
						TestTargetID = 684FDF6D2731759200E290DA;
					};
					684FDF872731759400E290DA = {
						CreatedOnToolsVersion = 13.1;
						TestTargetID = 684FDF6D2731759200E290DA;
					};
				};
			};
			buildConfigurationList = 684FDF692731759200E290DA /* Build configuration list for PBXProject "Swift-Combine" */;
			compatibilityVersion = "Xcode 13.0";
			developmentRegion = en;
			hasScannedForEncodings = 0;
			knownRegions = (
				en,
				Base,
			);
			mainGroup = 684FDF652731759200E290DA;
			productRefGroup = 684FDF6F2731759200E290DA /* Products */;
			projectDirPath = "";
			projectRoot = "";
			targets = (
				684FDF6D2731759200E290DA /* Swift-Combine */,
				684FDF7D2731759400E290DA /* Swift-CombineTests */,
				684FDF872731759400E290DA /* Swift-CombineUITests */,
			);
		};
/* End PBXProject section */

/* Begin PBXResourcesBuildPhase section */
		684FDF6C2731759200E290DA /* Resources */ = {
			isa = PBXResourcesBuildPhase;
			buildActionMask = 2147483647;
			files = (
				684FDF792731759400E290DA /* Preview Assets.xcassets in Resources */,
				684FDF762731759400E290DA /* Assets.xcassets in Resources */,
			);
			runOnlyForDeploymentPostprocessing = 0;
		};
		684FDF7C2731759400E290DA /* Resources */ = {
			isa = PBXResourcesBuildPhase;
			buildActionMask = 2147483647;
			files = (
			);
			runOnlyForDeploymentPostprocessing = 0;
		};
		684FDF862731759400E290DA /* Resources */ = {
			isa = PBXResourcesBuildPhase;
			buildActionMask = 2147483647;
			files = (
			);
			runOnlyForDeploymentPostprocessing = 0;
		};
/* End PBXResourcesBuildPhase section */

/* Begin PBXSourcesBuildPhase section */
		684FDF6A2731759200E290DA /* Sources */ = {
			isa = PBXSourcesBuildPhase;
			buildActionMask = 2147483647;
			files = (
				6869EFCF299BF0FD007F911F /* EmptyTestView.swift in Sources */,
				684FDF742731759200E290DA /* ContentView.swift in Sources */,
				68A84C642997B5FD008909C7 /* ObservableObjectTestView.swift in Sources */,
				68A84C6229974683008909C7 /* PublishedTestView.swift in Sources */,
				6869EFCD299BD7A8007F911F /* DeferredTestView.swift in Sources */,
				684FDF9C2731760700E290DA /* CombineTimerView.swift in Sources */,
				6869EFD3299BFD1E007F911F /* RecordTestView.swift in Sources */,
				684FDFA02731765000E290DA /* SubscriberViewModel.swift in Sources */,
				685CE902299AAB2700521CA3 /* FutureTestView.swift in Sources */,
				6869EFD1299BF98E007F911F /* FailTestView.swift in Sources */,
				685CE904299AAB5800521CA3 /* JustTestView.swift in Sources */,
				684FDF9E2731763D00E290DA /* SubscriberView.swift in Sources */,
				684FDF722731759200E290DA /* Swift_CombineApp.swift in Sources */,
			);
			runOnlyForDeploymentPostprocessing = 0;
		};
		684FDF7A2731759400E290DA /* Sources */ = {
			isa = PBXSourcesBuildPhase;
			buildActionMask = 2147483647;
			files = (
				684FDF832731759400E290DA /* Swift_CombineTests.swift in Sources */,
			);
			runOnlyForDeploymentPostprocessing = 0;
		};
		684FDF842731759400E290DA /* Sources */ = {
			isa = PBXSourcesBuildPhase;
			buildActionMask = 2147483647;
			files = (
				684FDF8F2731759400E290DA /* Swift_CombineUITestsLaunchTests.swift in Sources */,
				684FDF8D2731759400E290DA /* Swift_CombineUITests.swift in Sources */,
			);
			runOnlyForDeploymentPostprocessing = 0;
		};
/* End PBXSourcesBuildPhase section */

/* Begin PBXTargetDependency section */
		684FDF802731759400E290DA /* PBXTargetDependency */ = {
			isa = PBXTargetDependency;
			target = 684FDF6D2731759200E290DA /* Swift-Combine */;
			targetProxy = 684FDF7F2731759400E290DA /* PBXContainerItemProxy */;
		};
		684FDF8A2731759400E290DA /* PBXTargetDependency */ = {
			isa = PBXTargetDependency;
			target = 684FDF6D2731759200E290DA /* Swift-Combine */;
			targetProxy = 684FDF892731759400E290DA /* PBXContainerItemProxy */;
		};
/* End PBXTargetDependency section */

/* Begin XCBuildConfiguration section */
		684FDF902731759400E290DA /* Debug */ = {
			isa = XCBuildConfiguration;
			buildSettings = {
				ALWAYS_SEARCH_USER_PATHS = NO;
				CLANG_ANALYZER_NONNULL = YES;
				CLANG_ANALYZER_NUMBER_OBJECT_CONVERSION = YES_AGGRESSIVE;
				CLANG_CXX_LANGUAGE_STANDARD = "gnu++17";
				CLANG_CXX_LIBRARY = "libc++";
				CLANG_ENABLE_MODULES = YES;
				CLANG_ENABLE_OBJC_ARC = YES;
				CLANG_ENABLE_OBJC_WEAK = YES;
				CLANG_WARN_BLOCK_CAPTURE_AUTORELEASING = YES;
				CLANG_WARN_BOOL_CONVERSION = YES;
				CLANG_WARN_COMMA = YES;
				CLANG_WARN_CONSTANT_CONVERSION = YES;
				CLANG_WARN_DEPRECATED_OBJC_IMPLEMENTATIONS = YES;
				CLANG_WARN_DIRECT_OBJC_ISA_USAGE = YES_ERROR;
				CLANG_WARN_DOCUMENTATION_COMMENTS = YES;
				CLANG_WARN_EMPTY_BODY = YES;
				CLANG_WARN_ENUM_CONVERSION = YES;
				CLANG_WARN_INFINITE_RECURSION = YES;
				CLANG_WARN_INT_CONVERSION = YES;
				CLANG_WARN_NON_LITERAL_NULL_CONVERSION = YES;
				CLANG_WARN_OBJC_IMPLICIT_RETAIN_SELF = YES;
				CLANG_WARN_OBJC_LITERAL_CONVERSION = YES;
				CLANG_WARN_OBJC_ROOT_CLASS = YES_ERROR;
				CLANG_WARN_QUOTED_INCLUDE_IN_FRAMEWORK_HEADER = YES;
				CLANG_WARN_RANGE_LOOP_ANALYSIS = YES;
				CLANG_WARN_STRICT_PROTOTYPES = YES;
				CLANG_WARN_SUSPICIOUS_MOVE = YES;
				CLANG_WARN_UNGUARDED_AVAILABILITY = YES_AGGRESSIVE;
				CLANG_WARN_UNREACHABLE_CODE = YES;
				CLANG_WARN__DUPLICATE_METHOD_MATCH = YES;
				COPY_PHASE_STRIP = NO;
				DEBUG_INFORMATION_FORMAT = dwarf;
				ENABLE_STRICT_OBJC_MSGSEND = YES;
				ENABLE_TESTABILITY = YES;
				GCC_C_LANGUAGE_STANDARD = gnu11;
				GCC_DYNAMIC_NO_PIC = NO;
				GCC_NO_COMMON_BLOCKS = YES;
				GCC_OPTIMIZATION_LEVEL = 0;
				GCC_PREPROCESSOR_DEFINITIONS = (
					"DEBUG=1",
					"$(inherited)",
				);
				GCC_WARN_64_TO_32_BIT_CONVERSION = YES;
				GCC_WARN_ABOUT_RETURN_TYPE = YES_ERROR;
				GCC_WARN_UNDECLARED_SELECTOR = YES;
				GCC_WARN_UNINITIALIZED_AUTOS = YES_AGGRESSIVE;
				GCC_WARN_UNUSED_FUNCTION = YES;
				GCC_WARN_UNUSED_VARIABLE = YES;
				IPHONEOS_DEPLOYMENT_TARGET = 15.0;
				MTL_ENABLE_DEBUG_INFO = INCLUDE_SOURCE;
				MTL_FAST_MATH = YES;
				ONLY_ACTIVE_ARCH = YES;
				SDKROOT = iphoneos;
				SWIFT_ACTIVE_COMPILATION_CONDITIONS = DEBUG;
				SWIFT_OPTIMIZATION_LEVEL = "-Onone";
			};
			name = Debug;
		};
		684FDF912731759400E290DA /* Release */ = {
			isa = XCBuildConfiguration;
			buildSettings = {
				ALWAYS_SEARCH_USER_PATHS = NO;
				CLANG_ANALYZER_NONNULL = YES;
				CLANG_ANALYZER_NUMBER_OBJECT_CONVERSION = YES_AGGRESSIVE;
				CLANG_CXX_LANGUAGE_STANDARD = "gnu++17";
				CLANG_CXX_LIBRARY = "libc++";
				CLANG_ENABLE_MODULES = YES;
				CLANG_ENABLE_OBJC_ARC = YES;
				CLANG_ENABLE_OBJC_WEAK = YES;
				CLANG_WARN_BLOCK_CAPTURE_AUTORELEASING = YES;
				CLANG_WARN_BOOL_CONVERSION = YES;
				CLANG_WARN_COMMA = YES;
				CLANG_WARN_CONSTANT_CONVERSION = YES;
				CLANG_WARN_DEPRECATED_OBJC_IMPLEMENTATIONS = YES;
				CLANG_WARN_DIRECT_OBJC_ISA_USAGE = YES_ERROR;
				CLANG_WARN_DOCUMENTATION_COMMENTS = YES;
				CLANG_WARN_EMPTY_BODY = YES;
				CLANG_WARN_ENUM_CONVERSION = YES;
				CLANG_WARN_INFINITE_RECURSION = YES;
				CLANG_WARN_INT_CONVERSION = YES;
				CLANG_WARN_NON_LITERAL_NULL_CONVERSION = YES;
				CLANG_WARN_OBJC_IMPLICIT_RETAIN_SELF = YES;
				CLANG_WARN_OBJC_LITERAL_CONVERSION = YES;
				CLANG_WARN_OBJC_ROOT_CLASS = YES_ERROR;
				CLANG_WARN_QUOTED_INCLUDE_IN_FRAMEWORK_HEADER = YES;
				CLANG_WARN_RANGE_LOOP_ANALYSIS = YES;
				CLANG_WARN_STRICT_PROTOTYPES = YES;
				CLANG_WARN_SUSPICIOUS_MOVE = YES;
				CLANG_WARN_UNGUARDED_AVAILABILITY = YES_AGGRESSIVE;
				CLANG_WARN_UNREACHABLE_CODE = YES;
				CLANG_WARN__DUPLICATE_METHOD_MATCH = YES;
				COPY_PHASE_STRIP = NO;
				DEBUG_INFORMATION_FORMAT = "dwarf-with-dsym";
				ENABLE_NS_ASSERTIONS = NO;
				ENABLE_STRICT_OBJC_MSGSEND = YES;
				GCC_C_LANGUAGE_STANDARD = gnu11;
				GCC_NO_COMMON_BLOCKS = YES;
				GCC_WARN_64_TO_32_BIT_CONVERSION = YES;
				GCC_WARN_ABOUT_RETURN_TYPE = YES_ERROR;
				GCC_WARN_UNDECLARED_SELECTOR = YES;
				GCC_WARN_UNINITIALIZED_AUTOS = YES_AGGRESSIVE;
				GCC_WARN_UNUSED_FUNCTION = YES;
				GCC_WARN_UNUSED_VARIABLE = YES;
				IPHONEOS_DEPLOYMENT_TARGET = 15.0;
				MTL_ENABLE_DEBUG_INFO = NO;
				MTL_FAST_MATH = YES;
				SDKROOT = iphoneos;
				SWIFT_COMPILATION_MODE = wholemodule;
				SWIFT_OPTIMIZATION_LEVEL = "-O";
				VALIDATE_PRODUCT = YES;
			};
			name = Release;
		};
		684FDF932731759400E290DA /* Debug */ = {
			isa = XCBuildConfiguration;
			buildSettings = {
				ASSETCATALOG_COMPILER_APPICON_NAME = AppIcon;
				ASSETCATALOG_COMPILER_GLOBAL_ACCENT_COLOR_NAME = AccentColor;
				CODE_SIGN_STYLE = Automatic;
				CURRENT_PROJECT_VERSION = 1;
				DEVELOPMENT_ASSET_PATHS = "\"Swift-Combine/Preview Content\"";
				DEVELOPMENT_TEAM = SH989XXM7S;
				ENABLE_PREVIEWS = YES;
				GENERATE_INFOPLIST_FILE = YES;
				INFOPLIST_KEY_UIApplicationSceneManifest_Generation = YES;
				INFOPLIST_KEY_UIApplicationSupportsIndirectInputEvents = YES;
				INFOPLIST_KEY_UILaunchScreen_Generation = YES;
				INFOPLIST_KEY_UISupportedInterfaceOrientations_iPad = "UIInterfaceOrientationPortrait UIInterfaceOrientationPortraitUpsideDown UIInterfaceOrientationLandscapeLeft UIInterfaceOrientationLandscapeRight";
				INFOPLIST_KEY_UISupportedInterfaceOrientations_iPhone = "UIInterfaceOrientationPortrait UIInterfaceOrientationLandscapeLeft UIInterfaceOrientationLandscapeRight";
				LD_RUNPATH_SEARCH_PATHS = (
					"$(inherited)",
					"@executable_path/Frameworks",
				);
				MARKETING_VERSION = 1.0;
				PRODUCT_BUNDLE_IDENTIFIER = "com.k2hoon.Swift-Combine";
				PRODUCT_NAME = "$(TARGET_NAME)";
				SWIFT_EMIT_LOC_STRINGS = YES;
				SWIFT_VERSION = 5.0;
				TARGETED_DEVICE_FAMILY = "1,2";
			};
			name = Debug;
		};
		684FDF942731759400E290DA /* Release */ = {
			isa = XCBuildConfiguration;
			buildSettings = {
				ASSETCATALOG_COMPILER_APPICON_NAME = AppIcon;
				ASSETCATALOG_COMPILER_GLOBAL_ACCENT_COLOR_NAME = AccentColor;
				CODE_SIGN_STYLE = Automatic;
				CURRENT_PROJECT_VERSION = 1;
				DEVELOPMENT_ASSET_PATHS = "\"Swift-Combine/Preview Content\"";
				DEVELOPMENT_TEAM = SH989XXM7S;
				ENABLE_PREVIEWS = YES;
				GENERATE_INFOPLIST_FILE = YES;
				INFOPLIST_KEY_UIApplicationSceneManifest_Generation = YES;
				INFOPLIST_KEY_UIApplicationSupportsIndirectInputEvents = YES;
				INFOPLIST_KEY_UILaunchScreen_Generation = YES;
				INFOPLIST_KEY_UISupportedInterfaceOrientations_iPad = "UIInterfaceOrientationPortrait UIInterfaceOrientationPortraitUpsideDown UIInterfaceOrientationLandscapeLeft UIInterfaceOrientationLandscapeRight";
				INFOPLIST_KEY_UISupportedInterfaceOrientations_iPhone = "UIInterfaceOrientationPortrait UIInterfaceOrientationLandscapeLeft UIInterfaceOrientationLandscapeRight";
				LD_RUNPATH_SEARCH_PATHS = (
					"$(inherited)",
					"@executable_path/Frameworks",
				);
				MARKETING_VERSION = 1.0;
				PRODUCT_BUNDLE_IDENTIFIER = "com.k2hoon.Swift-Combine";
				PRODUCT_NAME = "$(TARGET_NAME)";
				SWIFT_EMIT_LOC_STRINGS = YES;
				SWIFT_VERSION = 5.0;
				TARGETED_DEVICE_FAMILY = "1,2";
			};
			name = Release;
		};
		684FDF962731759400E290DA /* Debug */ = {
			isa = XCBuildConfiguration;
			buildSettings = {
				ALWAYS_EMBED_SWIFT_STANDARD_LIBRARIES = YES;
				BUNDLE_LOADER = "$(TEST_HOST)";
				CODE_SIGN_STYLE = Automatic;
				CURRENT_PROJECT_VERSION = 1;
				DEVELOPMENT_TEAM = SH989XXM7S;
				GENERATE_INFOPLIST_FILE = YES;
				IPHONEOS_DEPLOYMENT_TARGET = 15.0;
				LD_RUNPATH_SEARCH_PATHS = (
					"$(inherited)",
					"@executable_path/Frameworks",
					"@loader_path/Frameworks",
				);
				MARKETING_VERSION = 1.0;
				PRODUCT_BUNDLE_IDENTIFIER = "com.k2hoon.Swift-CombineTests";
				PRODUCT_NAME = "$(TARGET_NAME)";
				SWIFT_EMIT_LOC_STRINGS = NO;
				SWIFT_VERSION = 5.0;
				TARGETED_DEVICE_FAMILY = "1,2";
				TEST_HOST = "$(BUILT_PRODUCTS_DIR)/Swift-Combine.app/Swift-Combine";
			};
			name = Debug;
		};
		684FDF972731759400E290DA /* Release */ = {
			isa = XCBuildConfiguration;
			buildSettings = {
				ALWAYS_EMBED_SWIFT_STANDARD_LIBRARIES = YES;
				BUNDLE_LOADER = "$(TEST_HOST)";
				CODE_SIGN_STYLE = Automatic;
				CURRENT_PROJECT_VERSION = 1;
				DEVELOPMENT_TEAM = SH989XXM7S;
				GENERATE_INFOPLIST_FILE = YES;
				IPHONEOS_DEPLOYMENT_TARGET = 15.0;
				LD_RUNPATH_SEARCH_PATHS = (
					"$(inherited)",
					"@executable_path/Frameworks",
					"@loader_path/Frameworks",
				);
				MARKETING_VERSION = 1.0;
				PRODUCT_BUNDLE_IDENTIFIER = "com.k2hoon.Swift-CombineTests";
				PRODUCT_NAME = "$(TARGET_NAME)";
				SWIFT_EMIT_LOC_STRINGS = NO;
				SWIFT_VERSION = 5.0;
				TARGETED_DEVICE_FAMILY = "1,2";
				TEST_HOST = "$(BUILT_PRODUCTS_DIR)/Swift-Combine.app/Swift-Combine";
			};
			name = Release;
		};
		684FDF992731759400E290DA /* Debug */ = {
			isa = XCBuildConfiguration;
			buildSettings = {
				ALWAYS_EMBED_SWIFT_STANDARD_LIBRARIES = YES;
				CODE_SIGN_STYLE = Automatic;
				CURRENT_PROJECT_VERSION = 1;
				DEVELOPMENT_TEAM = SH989XXM7S;
				GENERATE_INFOPLIST_FILE = YES;
				LD_RUNPATH_SEARCH_PATHS = (
					"$(inherited)",
					"@executable_path/Frameworks",
					"@loader_path/Frameworks",
				);
				MARKETING_VERSION = 1.0;
				PRODUCT_BUNDLE_IDENTIFIER = "com.k2hoon.Swift-CombineUITests";
				PRODUCT_NAME = "$(TARGET_NAME)";
				SWIFT_EMIT_LOC_STRINGS = NO;
				SWIFT_VERSION = 5.0;
				TARGETED_DEVICE_FAMILY = "1,2";
				TEST_TARGET_NAME = "Swift-Combine";
			};
			name = Debug;
		};
		684FDF9A2731759400E290DA /* Release */ = {
			isa = XCBuildConfiguration;
			buildSettings = {
				ALWAYS_EMBED_SWIFT_STANDARD_LIBRARIES = YES;
				CODE_SIGN_STYLE = Automatic;
				CURRENT_PROJECT_VERSION = 1;
				DEVELOPMENT_TEAM = SH989XXM7S;
				GENERATE_INFOPLIST_FILE = YES;
				LD_RUNPATH_SEARCH_PATHS = (
					"$(inherited)",
					"@executable_path/Frameworks",
					"@loader_path/Frameworks",
				);
				MARKETING_VERSION = 1.0;
				PRODUCT_BUNDLE_IDENTIFIER = "com.k2hoon.Swift-CombineUITests";
				PRODUCT_NAME = "$(TARGET_NAME)";
				SWIFT_EMIT_LOC_STRINGS = NO;
				SWIFT_VERSION = 5.0;
				TARGETED_DEVICE_FAMILY = "1,2";
				TEST_TARGET_NAME = "Swift-Combine";
			};
			name = Release;
		};
/* End XCBuildConfiguration section */

/* Begin XCConfigurationList section */
		684FDF692731759200E290DA /* Build configuration list for PBXProject "Swift-Combine" */ = {
			isa = XCConfigurationList;
			buildConfigurations = (
				684FDF902731759400E290DA /* Debug */,
				684FDF912731759400E290DA /* Release */,
			);
			defaultConfigurationIsVisible = 0;
			defaultConfigurationName = Release;
		};
		684FDF922731759400E290DA /* Build configuration list for PBXNativeTarget "Swift-Combine" */ = {
			isa = XCConfigurationList;
			buildConfigurations = (
				684FDF932731759400E290DA /* Debug */,
				684FDF942731759400E290DA /* Release */,
			);
			defaultConfigurationIsVisible = 0;
			defaultConfigurationName = Release;
		};
		684FDF952731759400E290DA /* Build configuration list for PBXNativeTarget "Swift-CombineTests" */ = {
			isa = XCConfigurationList;
			buildConfigurations = (
				684FDF962731759400E290DA /* Debug */,
				684FDF972731759400E290DA /* Release */,
			);
			defaultConfigurationIsVisible = 0;
			defaultConfigurationName = Release;
		};
		684FDF982731759400E290DA /* Build configuration list for PBXNativeTarget "Swift-CombineUITests" */ = {
			isa = XCConfigurationList;
			buildConfigurations = (
				684FDF992731759400E290DA /* Debug */,
				684FDF9A2731759400E290DA /* Release */,
			);
			defaultConfigurationIsVisible = 0;
			defaultConfigurationName = Release;
		};
/* End XCConfigurationList section */
	};
	rootObject = 684FDF662731759200E290DA /* Project object */;
}
